
Microsoft Visual Studio Solution File, Format Version 12.00
# Visual Studio 15
VisualStudioVersion = 15.0.28307.438
MinimumVisualStudioVersion = 10.0.40219.1
Project("{FAE04EC0-301F-11D3-BF4B-00C04F79EFBC}") = "PeriodicElements", "PeriodicElements\PeriodicElements.csproj", "{70CCACA9-E76A-4623-BE42-56D36AC8267D}"
EndProject
Project("{FAE04EC0-301F-11D3-BF4B-00C04F79EFBC}") = "UnitTestPeriodicElements", "UnitTestPeriodicElements\UnitTestPeriodicElements.csproj", "{68ADEF07-33B8-4FEA-9C7F-157922B2772E}"
EndProject
Global
	GlobalSection(SolutionConfigurationPlatforms) = preSolution
		Debug|Any CPU = Debug|Any CPU
		Release|Any CPU = Release|Any CPU
	EndGlobalSection
	GlobalSection(ProjectConfigurationPlatforms) = postSolution
		{70CCACA9-E76A-4623-BE42-56D36AC8267D}.Debug|Any CPU.ActiveCfg = Debug|Any CPU
		{70CCACA9-E76A-4623-BE42-56D36AC8267D}.Debug|Any CPU.Build.0 = Debug|Any CPU
		{70CCACA9-E76A-4623-BE42-56D36AC8267D}.Release|Any CPU.ActiveCfg = Release|Any CPU
		{70CCACA9-E76A-4623-BE42-56D36AC8267D}.Release|Any CPU.Build.0 = Release|Any CPU
		{68ADEF07-33B8-4FEA-9C7F-157922B2772E}.Debug|Any CPU.ActiveCfg = Debug|Any CPU
		{68ADEF07-33B8-4FEA-9C7F-157922B2772E}.Debug|Any CPU.Build.0 = Debug|Any CPU
		{68ADEF07-33B8-4FEA-9C7F-157922B2772E}.Release|Any CPU.ActiveCfg = Release|Any CPU
		{68ADEF07-33B8-4FEA-9C7F-157922B2772E}.Release|Any CPU.Build.0 = Release|Any CPU
	EndGlobalSection
	GlobalSection(SolutionProperties) = preSolution
		HideSolutionNode = FALSE
	EndGlobalSection
	GlobalSection(ExtensibilityGlobals) = postSolution
		SolutionGuid = {AB4FD4DF-E584-4E01-8042-F795641868CF}
	EndGlobalSection
EndGlobal
